// !$*UTF8*$!
{
	archiveVersion = 1;
	classes = {
	};
	objectVersion = 54;
	objects = {

/* Begin PBXBuildFile section */
		E137D3DB23A1BA9BFB874672 /* media_ios.cpp in Sources */ = {isa = PBXBuildFile; fileRef = A6EC44CA15FD78412AA55C45 /* media_ios.cpp */; };
		F0999D2FD51040D33C78D833 /* framework.cpp in Sources */ = {isa = PBXBuildFile; fileRef = 86EDAD8FAF04A10B7CA0203B /* framework.cpp */; };
		A43A3BA85D3BC333D89A10FC /* framework.h in Headers */ = {isa = PBXBuildFile; fileRef = 95271B0AE3B737D0EC5791A7 /* framework.h */; };
		F7F61340C2C1AE14E960F19D /* _factory.cpp in Sources */ = {isa = PBXBuildFile; fileRef = 029B233561A096E02B2841C5 /* _factory.cpp */; };
		56E1F42EF5F0A21DDC2AF8A6 /* _.h in Headers */ = {isa = PBXBuildFile; fileRef = C09D58D38AE550D489C696F1 /* _.h */; };
		865003F5D66AABD05D6C5E50 /* iosMediaPickerViewController.h in Headers */ = {isa = PBXBuildFile; fileRef = B50CF983C08B4351B5B7D847 /* iosMediaPickerViewController.h */; };
		711C5293B2F086FBAD6D2BFF /* iosMediaPickerViewController.mm in Sources */ = {isa = PBXBuildFile; fileRef = 7E943B69172F7ACC6066AB93 /* iosMediaPickerViewController.mm */; };
		09D509C966CF9329ABF7A17B /* media_ios.h in Headers */ = {isa = PBXBuildFile; fileRef = B80C06182A5234EA7D76E121 /* media_ios.h */; };
		7818539F5DF2959C8A34ABAD /* media_picker.cpp in Sources */ = {isa = PBXBuildFile; fileRef = 464E7645C650CE243C11C8D5 /* media_picker.cpp */; };
		A08AFEBC2FE446F42686041B /* media_picker.h in Headers */ = {isa = PBXBuildFile; fileRef = 16BFD8F11CD6CC414E963D12 /* media_picker.h */; };
		91369F5126B78F421BE9BFFB /* ios_media_picker.mm in Sources */ = {isa = PBXBuildFile; fileRef = C875CCD398AAF635E17A6A44 /* ios_media_picker.mm */; };
		2BC927142928FADBDCDBE014 /* media.mm in Sources */ = {isa = PBXBuildFile; fileRef = D54494DA2524D4A177758FD8 /* media.mm */; };
		D9827CC67D22EA1E782186CD /* media_player.cpp in Sources */ = {isa = PBXBuildFile; fileRef = D13376AD853D09B6D04BB7AC /* media_player.cpp */; };
		05148C75933F961FDD71BB32 /* media_player.h in Headers */ = {isa = PBXBuildFile; fileRef = E833A885C1B4C1FF51C105D8 /* media_player.h */; };
/* End PBXBuildFile section */

/* Begin PBXContainerItemProxy section */
		A057935EBA7AF18225BD29AA /* PBXContainerItemProxy */ = {
			isa = PBXContainerItemProxy;
			containerPortal = 28CC87789D73A9D919C1ADBA /* media_apple.xcodeproj */;
			proxyType = 2;
			remoteGlobalIDString = C7D3FDCEF3003137F4A95B4D;
			remoteInfo = media_apple;
		};
		6E22FC497B90624373C081BF /* PBXContainerItemProxy */ = {
			isa = PBXContainerItemProxy;
			containerPortal = 42369B8695218083B5603BAE /* windowing_ios.xcodeproj */;
			proxyType = 2;
			remoteGlobalIDString = 871817C608E0C25C7D113A23;
			remoteInfo = windowing_ios;
		};
		E3616E969558AA0357320357 /* PBXContainerItemProxy */ = {
			isa = PBXContainerItemProxy;
			containerPortal = 42369B8695218083B5603BAE /* windowing_ios.xcodeproj */;
			proxyType = 1;
			remoteGlobalIDString = 44EA8993F79B99BAB66E776E;
			remoteInfo = windowing_ios;
		};
		66B976B46BE99485DF0A6976 /* PBXContainerItemProxy */ = {
			isa = PBXContainerItemProxy;
			containerPortal = 28CC87789D73A9D919C1ADBA /* media_apple.xcodeproj */;
			proxyType = 1;
			remoteGlobalIDString = 038F59AF7920DF51AF3A3106;
			remoteInfo = media_apple;
		};
		55DB810985CDD2DE3E323EA5 /* PBXContainerItemProxy */ = {
			isa = PBXContainerItemProxy;
			containerPortal = 28CC87789D73A9D919C1ADBA /* media_apple.xcodeproj */;
			proxyType = 2;
			remoteGlobalIDString = 9FA786DBE06314086A97646D;
			remoteInfo = media_apple;
		};
/* End PBXContainerItemProxy section */

/* Begin PBXFileReference section */
		5CE213A3683CB248FB6AEB8C /* libmedia_ios.a */ = {isa = PBXFileReference; explicitFileType = "compiled.mach-o.dylib"; includeInIndex = 0; path = libmedia_ios.a; sourceTree = BUILT_PRODUCTS_DIR; };
		28CC87789D73A9D919C1ADBA /* media_apple.xcodeproj */ = {isa = PBXFileReference; lastKnownFileType = "wrapper.pb-project"; name = media_apple.xcodeproj; path = "../../operating_system-apple/media_apple/media_apple.xcodeproj"; sourceTree = SOURCE_ROOT; };
		EE5F778727EC89CAB3DAF71B /* _____debug.xcconfig */ = {isa = PBXFileReference; fileEncoding = 4; lastKnownFileType = text.xcconfig; path = "_____debug.xcconfig"; sourceTree = "<group>"; };
		86EDAD8FAF04A10B7CA0203B /* framework.cpp */ = {isa = PBXFileReference; fileEncoding = 4; lastKnownFileType = sourcecode.cpp.cpp; path = framework.cpp; sourceTree = "<group>"; };
		95271B0AE3B737D0EC5791A7 /* framework.h */ = {isa = PBXFileReference; fileEncoding = 4; lastKnownFileType = sourcecode.c.h; path = framework.h; sourceTree = "<group>"; };
		029B233561A096E02B2841C5 /* _factory.cpp */ = {isa = PBXFileReference; fileEncoding = 4; lastKnownFileType = sourcecode.cpp.cpp; path = _factory.cpp; sourceTree = "<group>"; };
		750F3AE7FC2E679C6D2E3547 /* _____release.xcconfig */ = {isa = PBXFileReference; fileEncoding = 4; lastKnownFileType = text.xcconfig; path = "_____release.xcconfig"; sourceTree = "<group>"; };
		C09D58D38AE550D489C696F1 /* _.h */ = {isa = PBXFileReference; fileEncoding = 4; lastKnownFileType = sourcecode.c.h; path = _.h; sourceTree = "<group>"; };
		42369B8695218083B5603BAE /* windowing_ios.xcodeproj */ = {isa = PBXFileReference; lastKnownFileType = "wrapper.pb-project"; name = windowing_ios.xcodeproj; path = ../windowing_ios/windowing_ios.xcodeproj; sourceTree = SOURCE_ROOT; };
		9DA7577621EB794E15B7F779 /* aaa_iosAudioPickerViewController.mm */ = {isa = PBXFileReference; fileEncoding = 4; lastKnownFileType = sourcecode.cpp.objcpp; path = aaa_iosAudioPickerViewController.mm; sourceTree = "<group>"; };
		557C7B21AF7FAD020BCC2348 /* aaa_iosAudioPickerViewController.h */ = {isa = PBXFileReference; fileEncoding = 4; lastKnownFileType = sourcecode.c.h; path = aaa_iosAudioPickerViewController.h; sourceTree = "<group>"; };
		B50CF983C08B4351B5B7D847 /* iosMediaPickerViewController.h */ = {isa = PBXFileReference; fileEncoding = 4; lastKnownFileType = sourcecode.c.h; path = iosMediaPickerViewController.h; sourceTree = "<group>"; };
		7E943B69172F7ACC6066AB93 /* iosMediaPickerViewController.mm */ = {isa = PBXFileReference; fileEncoding = 4; lastKnownFileType = sourcecode.cpp.objcpp; path = iosMediaPickerViewController.mm; sourceTree = "<group>"; };
		A6EC44CA15FD78412AA55C45 /* media_ios.cpp */ = {isa = PBXFileReference; lastKnownFileType = sourcecode.cpp.cpp; path = media_ios.cpp; sourceTree = "<group>"; };
		B80C06182A5234EA7D76E121 /* media_ios.h */ = {isa = PBXFileReference; lastKnownFileType = sourcecode.c.h; path = media_ios.h; sourceTree = "<group>"; };
		464E7645C650CE243C11C8D5 /* media_picker.cpp */ = {isa = PBXFileReference; lastKnownFileType = sourcecode.cpp.cpp; path = media_picker.cpp; sourceTree = "<group>"; };
		16BFD8F11CD6CC414E963D12 /* media_picker.h */ = {isa = PBXFileReference; lastKnownFileType = sourcecode.c.h; path = media_picker.h; sourceTree = "<group>"; };
		4175190D3573957024DFA2F4 /* ios_media_picker.h */ = {isa = PBXFileReference; lastKnownFileType = sourcecode.c.h; path = ios_media_picker.h; sourceTree = "<group>"; };
		C875CCD398AAF635E17A6A44 /* ios_media_picker.mm */ = {isa = PBXFileReference; fileEncoding = 4; lastKnownFileType = sourcecode.cpp.objcpp; path = ios_media_picker.mm; sourceTree = "<group>"; };
		D54494DA2524D4A177758FD8 /* media.mm */ = {isa = PBXFileReference; lastKnownFileType = sourcecode.cpp.objcpp; path = media.mm; sourceTree = "<group>"; };
		D13376AD853D09B6D04BB7AC /* media_player.cpp */ = {isa = PBXFileReference; fileEncoding = 4; lastKnownFileType = sourcecode.cpp.cpp; path = media_player.cpp; sourceTree = "<group>"; };
		E833A885C1B4C1FF51C105D8 /* media_player.h */ = {isa = PBXFileReference; fileEncoding = 4; lastKnownFileType = sourcecode.c.h; path = media_player.h; sourceTree = "<group>"; };
/* End PBXFileReference section */

/* Begin PBXGroup section */
		C7934A3EF44F3DAE59AEE2E8 = {
			isa = PBXGroup;
			children = (
				42369B8695218083B5603BAE /* windowing_ios.xcodeproj */,
				28CC87789D73A9D919C1ADBA /* media_apple.xcodeproj */,
				F27610A8F818733E71ADAB7F /* media_ios */,
				F9A66C4E0B6753C5CF81D8E9 /* Products */,
			);
			sourceTree = "<group>";
		};
		F9A66C4E0B6753C5CF81D8E9 /* Products */ = {
			isa = PBXGroup;
			children = (
				5CE213A3683CB248FB6AEB8C /* libmedia_ios.a */,
			);
			name = Products;
			sourceTree = "<group>";
		};
		C902A5BFEFB8875ED2D10B13 /* Products */ = {
			isa = PBXGroup;
			children = (
				6F02DAEFB0574068B1C73793 /* libmedia_apple.dylib */,
				6D6DE6CC8F82B7030F1F551F /* libios_media_apple.a */,
			);
			name = Products;
			sourceTree = "<group>";
		};
		F27610A8F818733E71ADAB7F /* media_ios */ = {
			isa = PBXGroup;
			children = (
				EE5F778727EC89CAB3DAF71B /* _____debug.xcconfig */,
				750F3AE7FC2E679C6D2E3547 /* _____release.xcconfig */,
				C09D58D38AE550D489C696F1 /* _.h */,
				557C7B21AF7FAD020BCC2348 /* aaa_iosAudioPickerViewController.h */,
				9DA7577621EB794E15B7F779 /* aaa_iosAudioPickerViewController.mm */,
				029B233561A096E02B2841C5 /* _factory.cpp */,
				86EDAD8FAF04A10B7CA0203B /* framework.cpp */,
				95271B0AE3B737D0EC5791A7 /* framework.h */,
				4175190D3573957024DFA2F4 /* ios_media_picker.h */,
				C875CCD398AAF635E17A6A44 /* ios_media_picker.mm */,
				B50CF983C08B4351B5B7D847 /* iosMediaPickerViewController.h */,
				7E943B69172F7ACC6066AB93 /* iosMediaPickerViewController.mm */,
				A6EC44CA15FD78412AA55C45 /* media_ios.cpp */,
				B80C06182A5234EA7D76E121 /* media_ios.h */,
				464E7645C650CE243C11C8D5 /* media_picker.cpp */,
				16BFD8F11CD6CC414E963D12 /* media_picker.h */,
				D13376AD853D09B6D04BB7AC /* media_player.cpp */,
				E833A885C1B4C1FF51C105D8 /* media_player.h */,
				D54494DA2524D4A177758FD8 /* media.mm */,
			);
			name = media_ios;
			sourceTree = "<group>";
		};
		FA1FC5CF6BC57F2F73F4AC64 /* Products */ = {
			isa = PBXGroup;
			children = (
				1487E7E8B58829455F8E3C73 /* libwindowing_ios.a */,
			);
			name = Products;
			sourceTree = "<group>";
		};
/* End PBXGroup section */

/* Begin PBXHeadersBuildPhase section */
		FC155B0834E3BF14B1851C68 /* Headers */ = {
			isa = PBXHeadersBuildPhase;
			buildActionMask = 2147483647;
			files = (
				A08AFEBC2FE446F42686041B /* media_picker.h in Headers */,
				865003F5D66AABD05D6C5E50 /* iosMediaPickerViewController.h in Headers */,
				05148C75933F961FDD71BB32 /* media_player.h in Headers */,
				09D509C966CF9329ABF7A17B /* media_ios.h in Headers */,
				56E1F42EF5F0A21DDC2AF8A6 /* _.h in Headers */,
				A43A3BA85D3BC333D89A10FC /* framework.h in Headers */,
			);
			runOnlyForDeploymentPostprocessing = 0;
		};
/* End PBXHeadersBuildPhase section */

/* Begin PBXNativeTarget section */
		5065A6FEDDF8E1EB922482AB /* media_ios */ = {
			isa = PBXNativeTarget;
			buildConfigurationList = 6DCDB51261AC9AA34966DB1F /* Build configuration list for PBXNativeTarget "media_ios" */;
			buildPhases = (
				FC155B0834E3BF14B1851C68 /* Headers */,
				6B24AE7CBBEA53E714BA23A2 /* Sources */,
			);
			buildRules = (
			);
			dependencies = (
				EBDFFD57D18D9A7C327D919F /* PBXTargetDependency */,
				FFA9492045DA0F01E4C29F03 /* PBXTargetDependency */,
			);
			name = media_ios;
			productName = media_ios;
			productReference = 5CE213A3683CB248FB6AEB8C /* libmedia_ios.a */;
			productType = "com.apple.product-type.library.dynamic";
		};
/* End PBXNativeTarget section */

/* Begin PBXProject section */
		D756C440937FC07827E3DABC /* Project object */ = {
			isa = PBXProject;
			attributes = {
				BuildIndependentTargetsInParallel = 1;
				LastUpgradeCheck = 1610;
				ORGANIZATIONNAME = "ca2 Software Development";
				TargetAttributes = {
					5065A6FEDDF8E1EB922482AB = {
						CreatedOnToolsVersion = 15.2;
					};
				};
			};
			buildConfigurationList = 8A8DF7FD50FB172C34C64435 /* Build configuration list for PBXProject "media_ios" */;
			compatibilityVersion = "Xcode 12.0";
			developmentRegion = en;
			hasScannedForEncodings = 0;
			knownRegions = (
				en,
				Base,
			);
			mainGroup = C7934A3EF44F3DAE59AEE2E8;
			productRefGroup = F9A66C4E0B6753C5CF81D8E9 /* Products */;
			projectDirPath = "";
			projectReferences = (
				{
					ProductGroup = C902A5BFEFB8875ED2D10B13 /* Products */;
					ProjectRef = 28CC87789D73A9D919C1ADBA /* media_apple.xcodeproj */;
				},
				{
					ProductGroup = FA1FC5CF6BC57F2F73F4AC64 /* Products */;
					ProjectRef = 42369B8695218083B5603BAE /* windowing_ios.xcodeproj */;
				},
			);
			projectRoot = "";
			targets = (
				5065A6FEDDF8E1EB922482AB /* media_ios */,
			);
		};
/* End PBXProject section */

/* Begin PBXReferenceProxy section */
		6D6DE6CC8F82B7030F1F551F /* libios_media_apple.a */ = {
			isa = PBXReferenceProxy;
			fileType = "compiled.mach-o.dylib";
			path = libios_media_apple.a;
			remoteRef = A057935EBA7AF18225BD29AA /* PBXContainerItemProxy */;
			sourceTree = BUILT_PRODUCTS_DIR;
		};
		1487E7E8B58829455F8E3C73 /* libwindowing_ios.a */ = {
			isa = PBXReferenceProxy;
			fileType = "compiled.mach-o.dylib";
			path = libwindowing_ios.a;
			remoteRef = 6E22FC497B90624373C081BF /* PBXContainerItemProxy */;
			sourceTree = BUILT_PRODUCTS_DIR;
		};
		6F02DAEFB0574068B1C73793 /* libmedia_apple.dylib */ = {
			isa = PBXReferenceProxy;
			fileType = "compiled.mach-o.dylib";
			path = libmedia_apple.dylib;
			remoteRef = 55DB810985CDD2DE3E323EA5 /* PBXContainerItemProxy */;
			sourceTree = BUILT_PRODUCTS_DIR;
		};
/* End PBXReferenceProxy section */

/* Begin PBXSourcesBuildPhase section */
		6B24AE7CBBEA53E714BA23A2 /* Sources */ = {
			isa = PBXSourcesBuildPhase;
			buildActionMask = 2147483647;
			files = (
				91369F5126B78F421BE9BFFB /* ios_media_picker.mm in Sources */,
				7818539F5DF2959C8A34ABAD /* media_picker.cpp in Sources */,
				711C5293B2F086FBAD6D2BFF /* iosMediaPickerViewController.mm in Sources */,
				F0999D2FD51040D33C78D833 /* framework.cpp in Sources */,
				E137D3DB23A1BA9BFB874672 /* media_ios.cpp in Sources */,
				D9827CC67D22EA1E782186CD /* media_player.cpp in Sources */,
				F7F61340C2C1AE14E960F19D /* _factory.cpp in Sources */,
				2BC927142928FADBDCDBE014 /* media.mm in Sources */,
			);
			runOnlyForDeploymentPostprocessing = 0;
		};
/* End PBXSourcesBuildPhase section */

/* Begin PBXTargetDependency section */
		FFA9492045DA0F01E4C29F03 /* PBXTargetDependency */ = {
			isa = PBXTargetDependency;
			name = windowing_ios;
			targetProxy = E3616E969558AA0357320357 /* PBXContainerItemProxy */;
		};
		EBDFFD57D18D9A7C327D919F /* PBXTargetDependency */ = {
			isa = PBXTargetDependency;
			name = media_apple;
			targetProxy = 66B976B46BE99485DF0A6976 /* PBXContainerItemProxy */;
		};
/* End PBXTargetDependency section */

/* Begin XCBuildConfiguration section */
		25D3CF48763D2FF61F614CFF /* Debug */ = {
			isa = XCBuildConfiguration;
			baseConfigurationReference = EE5F778727EC89CAB3DAF71B /* _____debug.xcconfig */;
			buildSettings = {
				ALWAYS_SEARCH_USER_PATHS = NO;
				CLANG_ANALYZER_NONNULL = YES;
				CLANG_ANALYZER_NUMBER_OBJECT_CONVERSION = YES_AGGRESSIVE;
				CLANG_CXX_LANGUAGE_STANDARD = "c++20";
				CLANG_CXX_LIBRARY = "libc++";
				CLANG_ENABLE_OBJC_ARC = YES;
				CLANG_ENABLE_OBJC_WEAK = YES;
				CLANG_WARN_BLOCK_CAPTURE_AUTORELEASING = YES;
				CLANG_WARN_BOOL_CONVERSION = YES;
				CLANG_WARN_COMMA = YES;
				CLANG_WARN_CONSTANT_CONVERSION = YES;
				CLANG_WARN_DEPRECATED_OBJC_IMPLEMENTATIONS = YES;
				CLANG_WARN_DIRECT_OBJC_ISA_USAGE = YES_ERROR;
				CLANG_WARN_DOCUMENTATION_COMMENTS = YES;
				CLANG_WARN_EMPTY_BODY = YES;
				CLANG_WARN_ENUM_CONVERSION = YES;
				CLANG_WARN_INFINITE_RECURSION = YES;
				CLANG_WARN_INT_CONVERSION = YES;
				CLANG_WARN_NON_LITERAL_NULL_CONVERSION = YES;
				CLANG_WARN_OBJC_IMPLICIT_RETAIN_SELF = YES;
				CLANG_WARN_OBJC_LITERAL_CONVERSION = YES;
				CLANG_WARN_OBJC_ROOT_CLASS = YES_ERROR;
				CLANG_WARN_QUOTED_INCLUDE_IN_FRAMEWORK_HEADER = YES;
				CLANG_WARN_RANGE_LOOP_ANALYSIS = YES;
				CLANG_WARN_STRICT_PROTOTYPES = YES;
				CLANG_WARN_SUSPICIOUS_MOVE = YES;
				CLANG_WARN_UNGUARDED_AVAILABILITY = YES_AGGRESSIVE;
				CLANG_WARN_UNREACHABLE_CODE = YES;
				CLANG_WARN__DUPLICATE_METHOD_MATCH = YES;
				CODE_SIGN_STYLE = Automatic;
				COPY_PHASE_STRIP = NO;
				DEBUG_INFORMATION_FORMAT = dwarf;
				ENABLE_STRICT_OBJC_MSGSEND = YES;
				ENABLE_TESTABILITY = YES;
				ENABLE_USER_SCRIPT_SANDBOXING = YES;
				EXECUTABLE_PREFIX = lib;
				GCC_C_LANGUAGE_STANDARD = c11;
				GCC_DYNAMIC_NO_PIC = NO;
				GCC_INCREASE_PRECOMPILED_HEADER_SHARING = NO;
				GCC_NO_COMMON_BLOCKS = YES;
				GCC_OPTIMIZATION_LEVEL = 0;
				GCC_PRECOMPILE_PREFIX_HEADER = YES;
				GCC_PREFIX_HEADER = framework.h;
				GCC_PREPROCESSOR_DEFINITIONS = (
					"DEBUG=1",
					"$(inherited)",
				);
				GCC_WARN_64_TO_32_BIT_CONVERSION = YES;
				GCC_WARN_ABOUT_RETURN_TYPE = YES_ERROR;
				GCC_WARN_UNDECLARED_SELECTOR = YES;
				GCC_WARN_UNINITIALIZED_AUTOS = YES_AGGRESSIVE;
				GCC_WARN_UNUSED_FUNCTION = YES;
				GCC_WARN_UNUSED_VARIABLE = YES;
				HEADER_SEARCH_PATHS = "";
				LD_RUNPATH_SEARCH_PATHS = "@executable_path @loader_path";
				LIBRARY_SEARCH_PATHS = (
					"$(inherited)",
					"$(WorkspaceDir)/../operating_system/storage-$(PLATFORM_MODIFIER)/$(CONFIGURATION)/library",
				);
				MTL_FAST_MATH = YES;
				ONLY_ACTIVE_ARCH = YES;
				PRODUCT_NAME = "$(TARGET_NAME)";
				SDKROOT = iphoneos;
				SKIP_INSTALL = YES;
				SYSTEM_HEADER_SEARCH_PATHS = (
					"$(WorkspaceDir)/operating_system/operating_system-$(PLATFORM_MODIFIER)/include",
					"$(WorkspaceDir)/operating_system/operating_system-$(PLATFORM_MODIFIER)/configuration",
					"$(WorkspaceDir)/port/include",
					"$(WorkspaceDir)/source/app/include",
				);
				USER_HEADER_SEARCH_PATHS = (
					.,
					"$(WorkspaceDir)/source",
					"$(WorkspaceDir)/source/app",
					"$(WorkspaceDir)/source/app/_include",
					"$(WorkspaceDir)/operating_system",
					"$(WorkspaceDir)/operating_system/operating_system-$(PLATFORM_MODIFIER)",
					"$(WorkspaceDir)/operating_system/operating_system-$(PLATFORM_MODIFIER)/configuration_selection/$(CONFIGURATION)",
					"$(WorkspaceDir)/operating_system/operating_system-apple",
					"$(WorkspaceDir)/operating_system/operating_system-darwin",
					"$(WorkspaceDir)/operating_system/operating_system-posix",
					"$(WorkspaceDir)/port/_",
					"$(PROJECT_DIR)",
					"$(PROJECT_DIR)/..",
					"$(PROJECT_DIR)/../..",
					"$(HOME)/sensitive/sensitive/include",
				);

				USE_HEADERMAP = NO;
				WorkspaceDir = "$(SRCROOT)/../../..";
			};
			name = Debug;
		};
		25A3ABBDF93763BD735662C9 /* Release */ = {
			isa = XCBuildConfiguration;
			baseConfigurationReference = 750F3AE7FC2E679C6D2E3547 /* _____release.xcconfig */;
			buildSettings = {
				ALWAYS_SEARCH_USER_PATHS = NO;
				CLANG_ANALYZER_NONNULL = YES;
				CLANG_ANALYZER_NUMBER_OBJECT_CONVERSION = YES_AGGRESSIVE;
				CLANG_CXX_LANGUAGE_STANDARD = "c++20";
				CLANG_CXX_LIBRARY = "libc++";
				CLANG_ENABLE_OBJC_ARC = YES;
				CLANG_ENABLE_OBJC_WEAK = YES;
				CLANG_WARN_BLOCK_CAPTURE_AUTORELEASING = YES;
				CLANG_WARN_BOOL_CONVERSION = YES;
				CLANG_WARN_COMMA = YES;
				CLANG_WARN_CONSTANT_CONVERSION = YES;
				CLANG_WARN_DEPRECATED_OBJC_IMPLEMENTATIONS = YES;
				CLANG_WARN_DIRECT_OBJC_ISA_USAGE = YES_ERROR;
				CLANG_WARN_DOCUMENTATION_COMMENTS = YES;
				CLANG_WARN_EMPTY_BODY = YES;
				CLANG_WARN_ENUM_CONVERSION = YES;
				CLANG_WARN_INFINITE_RECURSION = YES;
				CLANG_WARN_INT_CONVERSION = YES;
				CLANG_WARN_NON_LITERAL_NULL_CONVERSION = YES;
				CLANG_WARN_OBJC_IMPLICIT_RETAIN_SELF = YES;
				CLANG_WARN_OBJC_LITERAL_CONVERSION = YES;
				CLANG_WARN_OBJC_ROOT_CLASS = YES_ERROR;
				CLANG_WARN_QUOTED_INCLUDE_IN_FRAMEWORK_HEADER = YES;
				CLANG_WARN_RANGE_LOOP_ANALYSIS = YES;
				CLANG_WARN_STRICT_PROTOTYPES = YES;
				CLANG_WARN_SUSPICIOUS_MOVE = YES;
				CLANG_WARN_UNGUARDED_AVAILABILITY = YES_AGGRESSIVE;
				CLANG_WARN_UNREACHABLE_CODE = YES;
				CLANG_WARN__DUPLICATE_METHOD_MATCH = YES;
				CODE_SIGN_STYLE = Automatic;
				COPY_PHASE_STRIP = NO;
				DEBUG_INFORMATION_FORMAT = "dwarf-with-dsym";
				ENABLE_HARDENED_RUNTIME = YES;
				ENABLE_NS_ASSERTIONS = NO;
				ENABLE_STRICT_OBJC_MSGSEND = YES;
				ENABLE_USER_SCRIPT_SANDBOXING = YES;
				EXECUTABLE_PREFIX = lib;
				GCC_C_LANGUAGE_STANDARD = c11;
				GCC_INCREASE_PRECOMPILED_HEADER_SHARING = NO;
				GCC_NO_COMMON_BLOCKS = YES;
				GCC_PRECOMPILE_PREFIX_HEADER = YES;
				GCC_PREFIX_HEADER = framework.h;
				GCC_WARN_64_TO_32_BIT_CONVERSION = YES;
				GCC_WARN_ABOUT_RETURN_TYPE = YES_ERROR;
				GCC_WARN_UNDECLARED_SELECTOR = YES;
				GCC_WARN_UNINITIALIZED_AUTOS = YES_AGGRESSIVE;
				GCC_WARN_UNUSED_FUNCTION = YES;
				GCC_WARN_UNUSED_VARIABLE = YES;
				HEADER_SEARCH_PATHS = "";
				LD_RUNPATH_SEARCH_PATHS = "@executable_path @loader_path";
				LIBRARY_SEARCH_PATHS = (
					"$(inherited)",
					"$(WorkspaceDir)/../operating_system/storage-$(PLATFORM_MODIFIER)/$(CONFIGURATION)/library",
				);
				MTL_FAST_MATH = YES;
				PRODUCT_NAME = "$(TARGET_NAME)";
				SDKROOT = iphoneos;
				SKIP_INSTALL = YES;
				SYSTEM_HEADER_SEARCH_PATHS = (
					"$(WorkspaceDir)/operating_system/operating_system-$(PLATFORM_MODIFIER)/include",
					"$(WorkspaceDir)/operating_system/operating_system-$(PLATFORM_MODIFIER)/configuration",
					"$(WorkspaceDir)/port/include",
					"$(WorkspaceDir)/source/app/include",
				);
				USER_HEADER_SEARCH_PATHS = (
					.,
					"$(WorkspaceDir)/source",
					"$(WorkspaceDir)/source/app",
					"$(WorkspaceDir)/source/app/_include",
					"$(WorkspaceDir)/operating_system",
					"$(WorkspaceDir)/operating_system/operating_system-$(PLATFORM_MODIFIER)",
					"$(WorkspaceDir)/operating_system/operating_system-$(PLATFORM_MODIFIER)/configuration_selection/$(CONFIGURATION)",
					"$(WorkspaceDir)/operating_system/operating_system-apple",
					"$(WorkspaceDir)/operating_system/operating_system-darwin",
					"$(WorkspaceDir)/operating_system/operating_system-posix",
					"$(WorkspaceDir)/port/_",
					"$(PROJECT_DIR)",
					"$(PROJECT_DIR)/..",
					"$(PROJECT_DIR)/../..",
					"$(HOME)/sensitive/sensitive/include",
				);

				USE_HEADERMAP = NO;
				WorkspaceDir = "$(SRCROOT)/../../..";
			};
			name = Release;
		};
		8B7B5F263F92BE9AA849B81D /* Debug */ = {
			isa = XCBuildConfiguration;
			buildSettings = {
				EXECUTABLE_EXTENSION = "$(STATIC_LIBRARY_EXTENSION:default=a)";
				EXECUTABLE_PREFIX = lib;
				MACH_O_TYPE = staticlib;
				PLATFORM_MODIFIER = ios;
				SDKROOT = iphoneos;
			};
			name = Debug;
		};
		FE3FEA8758931545FB1D90A6 /* Release */ = {
			isa = XCBuildConfiguration;
			buildSettings = {
				EXECUTABLE_EXTENSION = "$(STATIC_LIBRARY_EXTENSION:default=a)";
				EXECUTABLE_PREFIX = lib;
				MACH_O_TYPE = staticlib;
				PLATFORM_MODIFIER = ios;
				SDKROOT = iphoneos;
			};
			name = Release;
		};
/* End XCBuildConfiguration section */

/* Begin XCConfigurationList section */
		8A8DF7FD50FB172C34C64435 /* Build configuration list for PBXProject "media_ios" */ = {
			isa = XCConfigurationList;
			buildConfigurations = (
				25D3CF48763D2FF61F614CFF /* Debug */,
				25A3ABBDF93763BD735662C9 /* Release */,
			);
			defaultConfigurationIsVisible = 0;
			defaultConfigurationName = Release;
		};
		6DCDB51261AC9AA34966DB1F /* Build configuration list for PBXNativeTarget "media_ios" */ = {
			isa = XCConfigurationList;
			buildConfigurations = (
				8B7B5F263F92BE9AA849B81D /* Debug */,
				FE3FEA8758931545FB1D90A6 /* Release */,
			);
			defaultConfigurationIsVisible = 0;
			defaultConfigurationName = Release;
		};
/* End XCConfigurationList section */
	};
	rootObject = D756C440937FC07827E3DABC /* Project object */;
}
