// !$*UTF8*$!
{
	archiveVersion = 1;
	classes = {
	};
	objectVersion = 54;
	objects = {

/* Begin PBXBuildFile section */
		9A3105AE2CE783100067398D /* node.h in Headers */ = {isa = PBXBuildFile; fileRef = 9A3105AA2CE783100067398D /* node.h */; };
		9A3105AF2CE783100067398D /* _.h in Headers */ = {isa = PBXBuildFile; fileRef = 9A3105A02CE783100067398D /* _.h */; };
		9A3105B12CE783100067398D /* framework.h in Headers */ = {isa = PBXBuildFile; fileRef = 9A3105A82CE783100067398D /* framework.h */; };
		9A3105B32CE783100067398D /* node.cpp in Sources */ = {isa = PBXBuildFile; fileRef = 9A3105AB2CE783100067398D /* node.cpp */; };
		9A3105B42CE783100067398D /* _factory.cpp in Sources */ = {isa = PBXBuildFile; fileRef = 9A3105A32CE783100067398D /* _factory.cpp */; };
		9A3105B52CE783100067398D /* framework.cpp in Sources */ = {isa = PBXBuildFile; fileRef = 9A3105A92CE783100067398D /* framework.cpp */; };
/* End PBXBuildFile section */

/* Begin PBXContainerItemProxy section */
		9A4544642D1E7CCB00048672 /* PBXContainerItemProxy */ = {
			isa = PBXContainerItemProxy;
			containerPortal = 9AEC63EE2D1E7C7600AA32C6 /* node_ios.xcodeproj */;
			proxyType = 2;
			remoteGlobalIDString = 9AC2D16F26542E1000CC8096;
			remoteInfo = node_ios;
		};
		9A4546972D1E7CF700048672 /* PBXContainerItemProxy */ = {
			isa = PBXContainerItemProxy;
			containerPortal = 9AEC63EE2D1E7C7600AA32C6 /* node_ios.xcodeproj */;
			proxyType = 1;
			remoteGlobalIDString = 9AC2D16E26542E1000CC8096;
			remoteInfo = node_ios;
		};
/* End PBXContainerItemProxy section */

/* Begin PBXFileReference section */
		9A3105982CE781E60067398D /* liboperating_ambient_ios.a */ = {isa = PBXFileReference; explicitFileType = "compiled.mach-o.dylib"; includeInIndex = 0; path = liboperating_ambient_ios.a; sourceTree = BUILT_PRODUCTS_DIR; };
		9A3105A02CE783100067398D /* _.h */ = {isa = PBXFileReference; lastKnownFileType = sourcecode.c.h; path = _.h; sourceTree = "<group>"; };
		9A3105A12CE783100067398D /* _____debug.xcconfig */ = {isa = PBXFileReference; lastKnownFileType = text.xcconfig; path = "_____debug.xcconfig"; sourceTree = "<group>"; };
		9A3105A22CE783100067398D /* _____release.xcconfig */ = {isa = PBXFileReference; lastKnownFileType = text.xcconfig; path = "_____release.xcconfig"; sourceTree = "<group>"; };
		9A3105A32CE783100067398D /* _factory.cpp */ = {isa = PBXFileReference; lastKnownFileType = sourcecode.cpp.cpp; path = _factory.cpp; sourceTree = "<group>"; };
		9A3105A82CE783100067398D /* framework.h */ = {isa = PBXFileReference; lastKnownFileType = sourcecode.c.h; path = framework.h; sourceTree = "<group>"; };
		9A3105A92CE783100067398D /* framework.cpp */ = {isa = PBXFileReference; lastKnownFileType = sourcecode.cpp.cpp; path = framework.cpp; sourceTree = "<group>"; };
		9A3105AA2CE783100067398D /* node.h */ = {isa = PBXFileReference; lastKnownFileType = sourcecode.c.h; path = node.h; sourceTree = "<group>"; };
		9A3105AB2CE783100067398D /* node.cpp */ = {isa = PBXFileReference; lastKnownFileType = sourcecode.cpp.cpp; path = node.cpp; sourceTree = "<group>"; };
		9AEC63EE2D1E7C7600AA32C6 /* node_ios.xcodeproj */ = {isa = PBXFileReference; lastKnownFileType = "wrapper.pb-project"; name = node_ios.xcodeproj; path = ../node_ios/node_ios.xcodeproj; sourceTree = SOURCE_ROOT; };
/* End PBXFileReference section */

/* Begin PBXGroup section */
		9A31058F2CE781E60067398D = {
			isa = PBXGroup;
			children = (
				9AEC63EE2D1E7C7600AA32C6 /* node_ios.xcodeproj */,
				9A31059F2CE782B30067398D /* operating_ambient_ios */,
				9A3105992CE781E60067398D /* Products */,
			);
			sourceTree = "<group>";
		};
		9A3105992CE781E60067398D /* Products */ = {
			isa = PBXGroup;
			children = (
				9A3105982CE781E60067398D /* liboperating_ambient_ios.a */,
			);
			name = Products;
			sourceTree = "<group>";
		};
		9A31059F2CE782B30067398D /* operating_ambient_ios */ = {
			isa = PBXGroup;
			children = (
				9A3105A02CE783100067398D /* _.h */,
				9A3105A12CE783100067398D /* _____debug.xcconfig */,
				9A3105A22CE783100067398D /* _____release.xcconfig */,
				9A3105A32CE783100067398D /* _factory.cpp */,
				9A3105A82CE783100067398D /* framework.h */,
				9A3105A92CE783100067398D /* framework.cpp */,
				9A3105AA2CE783100067398D /* node.h */,
				9A3105AB2CE783100067398D /* node.cpp */,
			);
			name = operating_ambient_ios;
			sourceTree = "<group>";
		};
		9A4544612D1E7CCA00048672 /* Products */ = {
			isa = PBXGroup;
			children = (
				9A4544652D1E7CCB00048672 /* libnode_ios.a */,
			);
			name = Products;
			sourceTree = "<group>";
		};
/* End PBXGroup section */

/* Begin PBXHeadersBuildPhase section */
		9A3105942CE781E60067398D /* Headers */ = {
			isa = PBXHeadersBuildPhase;
			buildActionMask = 2147483647;
			files = (
				9A3105AE2CE783100067398D /* node.h in Headers */,
				9A3105AF2CE783100067398D /* _.h in Headers */,
				9A3105B12CE783100067398D /* framework.h in Headers */,
			);
			runOnlyForDeploymentPostprocessing = 0;
		};
/* End PBXHeadersBuildPhase section */

/* Begin PBXNativeTarget section */
		9A3105972CE781E60067398D /* operating_ambient_ios */ = {
			isa = PBXNativeTarget;
			buildConfigurationList = 9A31059C2CE781E60067398D /* Build configuration list for PBXNativeTarget "operating_ambient_ios" */;
			buildPhases = (
				9A3105942CE781E60067398D /* Headers */,
				9A3105952CE781E60067398D /* Sources */,
			);
			buildRules = (
			);
			dependencies = (
				9A4546982D1E7CF700048672 /* PBXTargetDependency */,
			);
			name = operating_ambient_ios;
			packageProductDependencies = (
			);
			productName = desktop_environment_ios;
			productReference = 9A3105982CE781E60067398D /* liboperating_ambient_ios.a */;
			productType = "com.apple.product-type.library.dynamic";
		};
/* End PBXNativeTarget section */

/* Begin PBXProject section */
		9A3105902CE781E60067398D /* Project object */ = {
			isa = PBXProject;
			attributes = {
				BuildIndependentTargetsInParallel = 1;
				LastUpgradeCheck = 1620;
				ORGANIZATIONNAME = "ca2 Software Development";
				TargetAttributes = {
					9A3105972CE781E60067398D = {
						CreatedOnToolsVersion = 16.1;
					};
				};
			};
			buildConfigurationList = 9A3105932CE781E60067398D /* Build configuration list for PBXProject "operating_ambient_ios" */;
			compatibilityVersion = "Xcode 12.0";
			developmentRegion = en;
			hasScannedForEncodings = 0;
			knownRegions = (
				en,
				Base,
			);
			mainGroup = 9A31058F2CE781E60067398D;
			productRefGroup = 9A3105992CE781E60067398D /* Products */;
			projectDirPath = "";
			projectReferences = (
				{
					ProductGroup = 9A4544612D1E7CCA00048672 /* Products */;
					ProjectRef = 9AEC63EE2D1E7C7600AA32C6 /* node_ios.xcodeproj */;
				},
			);
			projectRoot = "";
			targets = (
				9A3105972CE781E60067398D /* operating_ambient_ios */,
			);
		};
/* End PBXProject section */

/* Begin PBXReferenceProxy section */
		9A4544652D1E7CCB00048672 /* libnode_ios.a */ = {
			isa = PBXReferenceProxy;
			fileType = "compiled.mach-o.dylib";
			path = libnode_ios.a;
			remoteRef = 9A4544642D1E7CCB00048672 /* PBXContainerItemProxy */;
			sourceTree = BUILT_PRODUCTS_DIR;
		};
/* End PBXReferenceProxy section */

/* Begin PBXSourcesBuildPhase section */
		9A3105952CE781E60067398D /* Sources */ = {
			isa = PBXSourcesBuildPhase;
			buildActionMask = 2147483647;
			files = (
				9A3105B32CE783100067398D /* node.cpp in Sources */,
				9A3105B42CE783100067398D /* _factory.cpp in Sources */,
				9A3105B52CE783100067398D /* framework.cpp in Sources */,
			);
			runOnlyForDeploymentPostprocessing = 0;
		};
/* End PBXSourcesBuildPhase section */

/* Begin PBXTargetDependency section */
		9A4546982D1E7CF700048672 /* PBXTargetDependency */ = {
			isa = PBXTargetDependency;
			name = node_ios;
			targetProxy = 9A4546972D1E7CF700048672 /* PBXContainerItemProxy */;
		};
/* End PBXTargetDependency section */

/* Begin XCBuildConfiguration section */
		9A31059A2CE781E60067398D /* Debug */ = {
			isa = XCBuildConfiguration;
			baseConfigurationReference = 9A3105A12CE783100067398D /* _____debug.xcconfig */;
			buildSettings = {
				ALWAYS_SEARCH_USER_PATHS = NO;
				CLANG_ANALYZER_NONNULL = YES;
				CLANG_ANALYZER_NUMBER_OBJECT_CONVERSION = YES_AGGRESSIVE;
				CLANG_CXX_LANGUAGE_STANDARD = "c++20";
				CLANG_ENABLE_OBJC_ARC = YES;
				CLANG_ENABLE_OBJC_WEAK = YES;
				CLANG_WARN_BLOCK_CAPTURE_AUTORELEASING = YES;
				CLANG_WARN_BOOL_CONVERSION = YES;
				CLANG_WARN_COMMA = YES;
				CLANG_WARN_CONSTANT_CONVERSION = YES;
				CLANG_WARN_DEPRECATED_OBJC_IMPLEMENTATIONS = YES;
				CLANG_WARN_DIRECT_OBJC_ISA_USAGE = YES_ERROR;
				CLANG_WARN_DOCUMENTATION_COMMENTS = YES;
				CLANG_WARN_EMPTY_BODY = YES;
				CLANG_WARN_ENUM_CONVERSION = YES;
				CLANG_WARN_INFINITE_RECURSION = YES;
				CLANG_WARN_INT_CONVERSION = YES;
				CLANG_WARN_NON_LITERAL_NULL_CONVERSION = YES;
				CLANG_WARN_OBJC_IMPLICIT_RETAIN_SELF = YES;
				CLANG_WARN_OBJC_LITERAL_CONVERSION = YES;
				CLANG_WARN_OBJC_ROOT_CLASS = YES_ERROR;
				CLANG_WARN_QUOTED_INCLUDE_IN_FRAMEWORK_HEADER = YES;
				CLANG_WARN_RANGE_LOOP_ANALYSIS = YES;
				CLANG_WARN_STRICT_PROTOTYPES = YES;
				CLANG_WARN_SUSPICIOUS_MOVE = YES;
				CLANG_WARN_UNGUARDED_AVAILABILITY = YES_AGGRESSIVE;
				CLANG_WARN_UNREACHABLE_CODE = YES;
				CLANG_WARN__DUPLICATE_METHOD_MATCH = YES;
				COPY_PHASE_STRIP = NO;
				DEBUG_INFORMATION_FORMAT = dwarf;
				ENABLE_STRICT_OBJC_MSGSEND = YES;
				ENABLE_TESTABILITY = YES;
				ENABLE_USER_SCRIPT_SANDBOXING = YES;
				EXECUTABLE_PREFIX = lib;
				GCC_C_LANGUAGE_STANDARD = c11;
				GCC_DYNAMIC_NO_PIC = NO;
				GCC_INCREASE_PRECOMPILED_HEADER_SHARING = NO;
				GCC_NO_COMMON_BLOCKS = YES;
				GCC_OPTIMIZATION_LEVEL = 0;
				GCC_PRECOMPILE_PREFIX_HEADER = YES;
				GCC_PREFIX_HEADER = framework.h;
				GCC_PREPROCESSOR_DEFINITIONS = (
					"DEBUG=1",
					"$(inherited)",
				);
				GCC_WARN_64_TO_32_BIT_CONVERSION = YES;
				GCC_WARN_ABOUT_RETURN_TYPE = YES_ERROR;
				GCC_WARN_UNDECLARED_SELECTOR = YES;
				GCC_WARN_UNINITIALIZED_AUTOS = YES_AGGRESSIVE;
				GCC_WARN_UNUSED_FUNCTION = YES;
				GCC_WARN_UNUSED_VARIABLE = YES;
				HEADER_SEARCH_PATHS = "";
				INSTALL_PATH = "@rpath";
				LD_RUNPATH_SEARCH_PATHS = "@executable_path";
				LIBRARY_SEARCH_PATHS = (
					"$(inherited)",
					"$(WorkspaceDir)/../operating_system/storage-$(PLATFORM_MODIFIER)/$(CONFIGURATION)/library",
				);
				ONLY_ACTIVE_ARCH = YES;
				PRODUCT_NAME = "$(TARGET_NAME)";
				SDKROOT = macosx;
				SKIP_INSTALL = YES;
				SYSTEM_HEADER_SEARCH_PATHS = (
					"$(WorkspaceDir)/operating_system/operating_system-$(PLATFORM_MODIFIER)/include",
					"$(WorkspaceDir)/operating_system/operating_system-$(PLATFORM_MODIFIER)/configuration",
					"$(WorkspaceDir)/port/include",
					"$(WorkspaceDir)/source/app/include",
				);
				USER_HEADER_SEARCH_PATHS = (
					.,
					"$(WorkspaceDir)/source",
					"$(WorkspaceDir)/source/app",
					"$(WorkspaceDir)/source/app/_include",
					"$(WorkspaceDir)/operating_system",
					"$(WorkspaceDir)/operating_system/operating_system-$(PLATFORM_MODIFIER)",
					"$(WorkspaceDir)/operating_system/operating_system-$(PLATFORM_MODIFIER)/configuration_selection/$(CONFIGURATION)",
					"$(WorkspaceDir)/operating_system/operating_system-apple",
					"$(WorkspaceDir)/operating_system/operating_system-darwin",
					"$(WorkspaceDir)/operating_system/operating_system-posix",
					"$(WorkspaceDir)/port/_",
					"$(PROJECT_DIR)",
					"$(PROJECT_DIR)/..",
					"$(PROJECT_DIR)/../..",
					"$(HOME)/sensitive/sensitive/include",
				);

				USE_HEADERMAP = NO;
				WorkspaceDir = "$(SRCROOT)/../../..";
			};
			name = Debug;
		};
		9A31059B2CE781E60067398D /* Release */ = {
			isa = XCBuildConfiguration;
			baseConfigurationReference = 9A3105A22CE783100067398D /* _____release.xcconfig */;
			buildSettings = {
				ALWAYS_SEARCH_USER_PATHS = NO;
				CLANG_ANALYZER_NONNULL = YES;
				CLANG_ANALYZER_NUMBER_OBJECT_CONVERSION = YES_AGGRESSIVE;
				CLANG_CXX_LANGUAGE_STANDARD = "c++20";
				CLANG_ENABLE_OBJC_ARC = YES;
				CLANG_ENABLE_OBJC_WEAK = YES;
				CLANG_WARN_BLOCK_CAPTURE_AUTORELEASING = YES;
				CLANG_WARN_BOOL_CONVERSION = YES;
				CLANG_WARN_COMMA = YES;
				CLANG_WARN_CONSTANT_CONVERSION = YES;
				CLANG_WARN_DEPRECATED_OBJC_IMPLEMENTATIONS = YES;
				CLANG_WARN_DIRECT_OBJC_ISA_USAGE = YES_ERROR;
				CLANG_WARN_DOCUMENTATION_COMMENTS = YES;
				CLANG_WARN_EMPTY_BODY = YES;
				CLANG_WARN_ENUM_CONVERSION = YES;
				CLANG_WARN_INFINITE_RECURSION = YES;
				CLANG_WARN_INT_CONVERSION = YES;
				CLANG_WARN_NON_LITERAL_NULL_CONVERSION = YES;
				CLANG_WARN_OBJC_IMPLICIT_RETAIN_SELF = YES;
				CLANG_WARN_OBJC_LITERAL_CONVERSION = YES;
				CLANG_WARN_OBJC_ROOT_CLASS = YES_ERROR;
				CLANG_WARN_QUOTED_INCLUDE_IN_FRAMEWORK_HEADER = YES;
				CLANG_WARN_RANGE_LOOP_ANALYSIS = YES;
				CLANG_WARN_STRICT_PROTOTYPES = YES;
				CLANG_WARN_SUSPICIOUS_MOVE = YES;
				CLANG_WARN_UNGUARDED_AVAILABILITY = YES_AGGRESSIVE;
				CLANG_WARN_UNREACHABLE_CODE = YES;
				CLANG_WARN__DUPLICATE_METHOD_MATCH = YES;
				COPY_PHASE_STRIP = NO;
				DEBUG_INFORMATION_FORMAT = "dwarf-with-dsym";
				ENABLE_HARDENED_RUNTIME = YES;
				ENABLE_NS_ASSERTIONS = NO;
				ENABLE_STRICT_OBJC_MSGSEND = YES;
				ENABLE_USER_SCRIPT_SANDBOXING = YES;
				EXECUTABLE_PREFIX = lib;
				GCC_C_LANGUAGE_STANDARD = c11;
				GCC_INCREASE_PRECOMPILED_HEADER_SHARING = NO;
				GCC_NO_COMMON_BLOCKS = YES;
				GCC_PRECOMPILE_PREFIX_HEADER = YES;
				GCC_PREFIX_HEADER = framework.h;
				GCC_WARN_64_TO_32_BIT_CONVERSION = YES;
				GCC_WARN_ABOUT_RETURN_TYPE = YES_ERROR;
				GCC_WARN_UNDECLARED_SELECTOR = YES;
				GCC_WARN_UNINITIALIZED_AUTOS = YES_AGGRESSIVE;
				GCC_WARN_UNUSED_FUNCTION = YES;
				GCC_WARN_UNUSED_VARIABLE = YES;
				HEADER_SEARCH_PATHS = "";
				INSTALL_PATH = "@rpath";
				LD_RUNPATH_SEARCH_PATHS = "@executable_path";
				LIBRARY_SEARCH_PATHS = (
					"$(inherited)",
					"$(WorkspaceDir)/../operating_system/storage-$(PLATFORM_MODIFIER)/$(CONFIGURATION)/library",
				);
				PRODUCT_NAME = "$(TARGET_NAME)";
				SDKROOT = macosx;
				SKIP_INSTALL = YES;
				SYSTEM_HEADER_SEARCH_PATHS = (
					"$(WorkspaceDir)/operating_system/operating_system-$(PLATFORM_MODIFIER)/include",
					"$(WorkspaceDir)/operating_system/operating_system-$(PLATFORM_MODIFIER)/configuration",
					"$(WorkspaceDir)/port/include",
					"$(WorkspaceDir)/source/app/include",
				);
				USER_HEADER_SEARCH_PATHS = (
					.,
					"$(WorkspaceDir)/source",
					"$(WorkspaceDir)/source/app",
					"$(WorkspaceDir)/source/app/_include",
					"$(WorkspaceDir)/operating_system",
					"$(WorkspaceDir)/operating_system/operating_system-$(PLATFORM_MODIFIER)",
					"$(WorkspaceDir)/operating_system/operating_system-$(PLATFORM_MODIFIER)/configuration_selection/$(CONFIGURATION)",
					"$(WorkspaceDir)/operating_system/operating_system-apple",
					"$(WorkspaceDir)/operating_system/operating_system-darwin",
					"$(WorkspaceDir)/operating_system/operating_system-posix",
					"$(WorkspaceDir)/port/_",
					"$(PROJECT_DIR)",
					"$(PROJECT_DIR)/..",
					"$(PROJECT_DIR)/../..",
					"$(HOME)/sensitive/sensitive/include",
				);

				USE_HEADERMAP = NO;
				WorkspaceDir = "$(SRCROOT)/../../..";
			};
			name = Release;
		};
		9A31059D2CE781E60067398D /* Debug */ = {
			isa = XCBuildConfiguration;
			buildSettings = {
				DEAD_CODE_STRIPPING = NO;
				EXECUTABLE_EXTENSION = "$(STATIC_LIBRARY_EXTENSION:default=a)";
				EXECUTABLE_PREFIX = lib;
				MACH_O_TYPE = staticlib;
				PLATFORM_MODIFIER = ios;
				SDKROOT = iphoneos;
			};
			name = Debug;
		};
		9A31059E2CE781E60067398D /* Release */ = {
			isa = XCBuildConfiguration;
			buildSettings = {
				DEAD_CODE_STRIPPING = NO;
				EXECUTABLE_EXTENSION = "$(STATIC_LIBRARY_EXTENSION:default=a)";
				EXECUTABLE_PREFIX = lib;
				MACH_O_TYPE = staticlib;
				PLATFORM_MODIFIER = ios;
				SDKROOT = iphoneos;
			};
			name = Release;
		};
/* End XCBuildConfiguration section */

/* Begin XCConfigurationList section */
		9A3105932CE781E60067398D /* Build configuration list for PBXProject "operating_ambient_ios" */ = {
			isa = XCConfigurationList;
			buildConfigurations = (
				9A31059A2CE781E60067398D /* Debug */,
				9A31059B2CE781E60067398D /* Release */,
			);
			defaultConfigurationIsVisible = 0;
			defaultConfigurationName = Release;
		};
		9A31059C2CE781E60067398D /* Build configuration list for PBXNativeTarget "operating_ambient_ios" */ = {
			isa = XCConfigurationList;
			buildConfigurations = (
				9A31059D2CE781E60067398D /* Debug */,
				9A31059E2CE781E60067398D /* Release */,
			);
			defaultConfigurationIsVisible = 0;
			defaultConfigurationName = Release;
		};
/* End XCConfigurationList section */
	};
	rootObject = 9A3105902CE781E60067398D /* Project object */;
}
