// !$*UTF8*$!
{
	archiveVersion = 1;
	classes = {
	};
	objectVersion = 46;
	objects = {

/* Begin PBXBuildFile section */
		F7B779B935CA99DFFF099175 /* XCTest.framework in Frameworks */ = {isa = PBXBuildFile; fileRef = 53F7BBFEF7BA89C3EC810975 /* XCTest.framework */; };
		4960E424CC817E3229879858 /* Foundation.framework in Frameworks */ = {isa = PBXBuildFile; fileRef = D5640DA5FBE92E609727F1D0 /* Foundation.framework */; };
		17150D41D3ADBF262AB156CF /* UIKit.framework in Frameworks */ = {isa = PBXBuildFile; fileRef = B80FAD9F1B8B2F9619B1F321 /* UIKit.framework */; };
		081C651C1643CEB36271A76A /* libapp.a in Frameworks */ = {isa = PBXBuildFile; fileRef = 3B90E8985CDCB4A5FE5134A7 /* libapp.a */; };
		944DA6DFDE73385D6570FC6B /* InfoPlist.strings in Resources */ = {isa = PBXBuildFile; fileRef = 52624CFEFC0EB636EB1B89D9 /* InfoPlist.strings */; };
		0FF5C98D8235D7421EF59B2A /* appTests.m in Sources */ = {isa = PBXBuildFile; fileRef = 74C0D3E35F12AEDBBADBA545 /* appTests.m */; };
		2067401C2DC36209EAD839E6 /* main.cpp in Sources */ = {isa = PBXBuildFile; fileRef = E343C2957321AE671A02645D /* main.cpp */; };
		947FBFA808AAEAE4F8F5A6EA /* main.cpp in Sources */ = {isa = PBXBuildFile; fileRef = E343C2957321AE671A02645D /* main.cpp */; };
/* End PBXBuildFile section */

/* Begin PBXContainerItemProxy section */
		1AAF9980B438C9859DFCC0CD /* PBXContainerItemProxy */ = {
			isa = PBXContainerItemProxy;
			containerPortal = 9AEC75754077BF83F50D201C /* Project object */;
			proxyType = 1;
			remoteGlobalIDString = 1045CDCB0D03EF7D75E560E5;
			remoteInfo = app;
		};
		73D7C259FC8C9C784A4E8891 /* PBXContainerItemProxy */ = {
			isa = PBXContainerItemProxy;
			containerPortal = A267604F2623173AAB6FC08D /* core.xcodeproj */;
			proxyType = 2;
			remoteGlobalIDString = 9A19A1A519C6F50B0018DF7D;
			remoteInfo = core;
		};
		6422C2821052090A59410DE7 /* PBXContainerItemProxy */ = {
			isa = PBXContainerItemProxy;
			containerPortal = A267604F2623173AAB6FC08D /* core.xcodeproj */;
			proxyType = 2;
			remoteGlobalIDString = 9AE24DDC1904CF6E001AEFFB;
			remoteInfo = core_ios;
		};
		1624A09F999F0729BEC3EA6D /* PBXContainerItemProxy */ = {
			isa = PBXContainerItemProxy;
			containerPortal = A267604F2623173AAB6FC08D /* core.xcodeproj */;
			proxyType = 2;
			remoteGlobalIDString = 9AE24DEB1904CF6E001AEFFB;
			remoteInfo = core_iosTests;
		};
		6D3E9DA685FEEABC1ED37456 /* PBXContainerItemProxy */ = {
			isa = PBXContainerItemProxy;
			containerPortal = A267604F2623173AAB6FC08D /* core.xcodeproj */;
			proxyType = 1;
			remoteGlobalIDString = 9AE24DDB1904CF6E001AEFFB;
			remoteInfo = core_ios;
		};
/* End PBXContainerItemProxy section */

/* Begin PBXCopyFilesBuildPhase section */
		46591281C290E86A7C2B7926 /* CopyFiles */ = {
			isa = PBXCopyFilesBuildPhase;
			buildActionMask = 2147483647;
			dstPath = "include/$(PRODUCT_NAME)";
			dstSubfolderSpec = 16;
			files = (
			);
			runOnlyForDeploymentPostprocessing = 0;
		};
/* End PBXCopyFilesBuildPhase section */

/* Begin PBXFileReference section */
		3B90E8985CDCB4A5FE5134A7 /* libapp.a */ = {isa = PBXFileReference; explicitFileType = archive.ar; includeInIndex = 0; path = libapp.a; sourceTree = BUILT_PRODUCTS_DIR; };
		1F1BA83B08D7924817900C5B /* appTests.xctest */ = {isa = PBXFileReference; explicitFileType = wrapper.cfbundle; includeInIndex = 0; path = appTests.xctest; sourceTree = BUILT_PRODUCTS_DIR; };
		518472D4439E5CCB532C8568 /* appTests-Info.plist */ = {isa = PBXFileReference; lastKnownFileType = text.plist.xml; path = "appTests-Info.plist"; sourceTree = "<group>"; };
		779F7A8480A0382D48635F88 /* en */ = {isa = PBXFileReference; lastKnownFileType = text.plist.strings; name = en; path = en.lproj/InfoPlist.strings; sourceTree = "<group>"; };
		74C0D3E35F12AEDBBADBA545 /* appTests.m */ = {isa = PBXFileReference; lastKnownFileType = sourcecode.c.objc; path = appTests.m; sourceTree = "<group>"; };
		98AE7595226C09BBC808AF2D /* UIKit.framework */ = {isa = PBXFileReference; lastKnownFileType = wrapper.framework; name = UIKit.framework; path = System/Library/Frameworks/UIKit.framework; sourceTree = SDKROOT; };
		5B2E338AA592A21FE105B962 /* app.h */ = {isa = PBXFileReference; fileEncoding = 4; lastKnownFileType = sourcecode.c.h; path = app.h; sourceTree = SOURCE_ROOT; };
		E343C2957321AE671A02645D /* main.cpp */ = {isa = PBXFileReference; fileEncoding = 4; lastKnownFileType = sourcecode.cpp.cpp; path = main.cpp; sourceTree = SOURCE_ROOT; };
		0A28D933732623EF460AC67C /* CoreFoundation.framework */ = {isa = PBXFileReference; lastKnownFileType = wrapper.framework; name = CoreFoundation.framework; path = System/Library/Frameworks/CoreFoundation.framework; sourceTree = SDKROOT; };
		F7F07EA46DB48A14D5FCCE18 /* libios_ace.dylib */ = {isa = PBXFileReference; lastKnownFileType = "compiled.mach-o.dylib"; name = libios_ace.dylib; path = "../../../../Users/camilo/Library/Developer/Xcode/DerivedData/arcade-ios-biflflzsuoocrodvdsvmkqeosgky/Build/Products/Debug-iphonesimulator/libios_ace.dylib"; sourceTree = "<group>"; };
		28EB6F10D096CD81F13F2B78 /* libios_aura.dylib */ = {isa = PBXFileReference; lastKnownFileType = "compiled.mach-o.dylib"; name = libios_aura.dylib; path = "../../../../Users/camilo/Library/Developer/Xcode/DerivedData/arcade-ios-biflflzsuoocrodvdsvmkqeosgky/Build/Products/Debug-iphonesimulator/libios_aura.dylib"; sourceTree = "<group>"; };
		DA03EA48B2918DB0042B4982 /* libios_axis.dylib */ = {isa = PBXFileReference; lastKnownFileType = "compiled.mach-o.dylib"; name = libios_axis.dylib; path = "../../app/axis/build/Debug-iphoneos/libios_axis.dylib"; sourceTree = "<group>"; };
		B393AB6E4121AC4A8972D4D9 /* libios_base.dylib */ = {isa = PBXFileReference; lastKnownFileType = "compiled.mach-o.dylib"; name = libios_base.dylib; path = "../../app/base/build/Debug-iphoneos/libios_base.dylib"; sourceTree = "<group>"; };
		211A67219EF5325A98734D7A /* Cocoa.framework */ = {isa = PBXFileReference; lastKnownFileType = wrapper.framework; name = Cocoa.framework; path = System/Library/Frameworks/Cocoa.framework; sourceTree = SDKROOT; };
		080169BFBB70ACDAEF79D4B9 /* AppKit.framework */ = {isa = PBXFileReference; lastKnownFileType = wrapper.framework; name = AppKit.framework; path = System/Library/Frameworks/AppKit.framework; sourceTree = SDKROOT; };
		BFCD6C512ACA1EB8AB713A02 /* CoreData.framework */ = {isa = PBXFileReference; lastKnownFileType = wrapper.framework; name = CoreData.framework; path = System/Library/Frameworks/CoreData.framework; sourceTree = SDKROOT; };
		ED75EB78457B8FFE71FAFDF6 /* Foundation.framework */ = {isa = PBXFileReference; lastKnownFileType = wrapper.framework; name = Foundation.framework; path = System/Library/Frameworks/Foundation.framework; sourceTree = SDKROOT; };
		A267604F2623173AAB6FC08D /* core.xcodeproj */ = {isa = PBXFileReference; lastKnownFileType = "wrapper.pb-project"; name = core.xcodeproj; path = ../../app/core/core.xcodeproj; sourceTree = SOURCE_ROOT; };
		D5640DA5FBE92E609727F1D0 /* Foundation.framework */ = {isa = PBXFileReference; lastKnownFileType = wrapper.framework; name = Foundation.framework; path = System/Library/Frameworks/Foundation.framework; sourceTree = SDKROOT; };
		73CF07C6B540966A693A27B6 /* CoreGraphics.framework */ = {isa = PBXFileReference; lastKnownFileType = wrapper.framework; name = CoreGraphics.framework; path = System/Library/Frameworks/CoreGraphics.framework; sourceTree = SDKROOT; };
		B80FAD9F1B8B2F9619B1F321 /* UIKit.framework */ = {isa = PBXFileReference; lastKnownFileType = wrapper.framework; name = UIKit.framework; path = Library/Frameworks/UIKit.framework; sourceTree = DEVELOPER_DIR; };
		53F7BBFEF7BA89C3EC810975 /* XCTest.framework */ = {isa = PBXFileReference; lastKnownFileType = wrapper.framework; name = XCTest.framework; path = Library/Frameworks/XCTest.framework; sourceTree = DEVELOPER_DIR; };
/* End PBXFileReference section */

/* Begin PBXFrameworksBuildPhase section */
		3A17F25EB6C5D3FED801BA81 /* Frameworks */ = {
			isa = PBXFrameworksBuildPhase;
			buildActionMask = 2147483647;
			files = (
			);
			runOnlyForDeploymentPostprocessing = 0;
		};
		1E7381C00A3EC375240181E1 /* Frameworks */ = {
			isa = PBXFrameworksBuildPhase;
			buildActionMask = 2147483647;
			files = (
				F7B779B935CA99DFFF099175 /* XCTest.framework in Frameworks */,
				17150D41D3ADBF262AB156CF /* UIKit.framework in Frameworks */,
				4960E424CC817E3229879858 /* Foundation.framework in Frameworks */,
				081C651C1643CEB36271A76A /* libapp.a in Frameworks */,
			);
			runOnlyForDeploymentPostprocessing = 0;
		};
/* End PBXFrameworksBuildPhase section */

/* Begin PBXGroup section */
		CED04BDB926DEE90C849E3E6 /* app */ = {
			isa = PBXGroup;
			children = (
				E343C2957321AE671A02645D /* main.cpp */,
				5B2E338AA592A21FE105B962 /* app.h */,
			);
			path = app;
			sourceTree = "<group>";
		};
		FAD01AC2E295FDAE0E181210 /* appTests */ = {
			isa = PBXGroup;
			children = (
				74C0D3E35F12AEDBBADBA545 /* appTests.m */,
				926DD621779187888038CA34 /* Supporting Files */,
			);
			path = appTests;
			sourceTree = "<group>";
		};
		926DD621779187888038CA34 /* Supporting Files */ = {
			isa = PBXGroup;
			children = (
				518472D4439E5CCB532C8568 /* appTests-Info.plist */,
				52624CFEFC0EB636EB1B89D9 /* InfoPlist.strings */,
			);
			name = "Supporting Files";
			sourceTree = "<group>";
		};
		D43FD24D4EF248DDF26C2F6C /* Products */ = {
			isa = PBXGroup;
			children = (
				B71729B7250078C857A5C74C /* libcore.dylib */,
				F6B3A532911A05B40795B565 /* libios_core.a */,
				98D014EDCFFA942E64423ED6 /* core_iosTests.xctest */,
			);
			name = Products;
			sourceTree = "<group>";
		};
		90312D9CFBE778E10C557583 = {
			isa = PBXGroup;
			children = (
				A267604F2623173AAB6FC08D /* core.xcodeproj */,
				CED04BDB926DEE90C849E3E6 /* app */,
				FAD01AC2E295FDAE0E181210 /* appTests */,
				39A487D7026EBA77B33DF8E0 /* Frameworks */,
				924F7C3CC10D1AC621E96AD9 /* Products */,
			);
			sourceTree = "<group>";
		};
		924F7C3CC10D1AC621E96AD9 /* Products */ = {
			isa = PBXGroup;
			children = (
				3B90E8985CDCB4A5FE5134A7 /* libapp.a */,
				1F1BA83B08D7924817900C5B /* appTests.xctest */,
			);
			name = Products;
			sourceTree = "<group>";
		};
		39A487D7026EBA77B33DF8E0 /* Frameworks */ = {
			isa = PBXGroup;
			children = (
				B393AB6E4121AC4A8972D4D9 /* libios_base.dylib */,
				DA03EA48B2918DB0042B4982 /* libios_axis.dylib */,
				F7F07EA46DB48A14D5FCCE18 /* libios_ace.dylib */,
				28EB6F10D096CD81F13F2B78 /* libios_aura.dylib */,
				98AE7595226C09BBC808AF2D /* UIKit.framework */,
				211A67219EF5325A98734D7A /* Cocoa.framework */,
				0A28D933732623EF460AC67C /* CoreFoundation.framework */,
				D5640DA5FBE92E609727F1D0 /* Foundation.framework */,
				73CF07C6B540966A693A27B6 /* CoreGraphics.framework */,
				B80FAD9F1B8B2F9619B1F321 /* UIKit.framework */,
				53F7BBFEF7BA89C3EC810975 /* XCTest.framework */,
				35FBD551802C69FBF3177D7D /* Other Frameworks */,
			);
			name = Frameworks;
			sourceTree = "<group>";
		};
		35FBD551802C69FBF3177D7D /* Other Frameworks */ = {
			isa = PBXGroup;
			children = (
				080169BFBB70ACDAEF79D4B9 /* AppKit.framework */,
				BFCD6C512ACA1EB8AB713A02 /* CoreData.framework */,
				ED75EB78457B8FFE71FAFDF6 /* Foundation.framework */,
			);
			name = "Other Frameworks";
			sourceTree = "<group>";
		};
/* End PBXGroup section */

/* Begin PBXNativeTarget section */
		1045CDCB0D03EF7D75E560E5 /* app */ = {
			isa = PBXNativeTarget;
			buildConfigurationList = 3E326D96D4001533ADBF763B /* Build configuration list for PBXNativeTarget "app" */;
			buildPhases = (
				D25FA0F0B835400C768C5A7B /* Sources */,
				3A17F25EB6C5D3FED801BA81 /* Frameworks */,
				46591281C290E86A7C2B7926 /* CopyFiles */,
			);
			buildRules = (
			);
			dependencies = (
				058175E13A5FBA5B494B9CDD /* PBXTargetDependency */,
			);
			name = app;
			productName = app;
			productReference = 3B90E8985CDCB4A5FE5134A7 /* libapp.a */;
			productType = "com.apple.product-type.library.static";
		};
		FFD00D05001F4EFF2F0EFD27 /* appTests */ = {
			isa = PBXNativeTarget;
			buildConfigurationList = 31566EF0D78D48A878CDA928 /* Build configuration list for PBXNativeTarget "appTests" */;
			buildPhases = (
				9280E3531D813924F652020D /* Sources */,
				1E7381C00A3EC375240181E1 /* Frameworks */,
				89552511DB8535DECDCA67A7 /* Resources */,
			);
			buildRules = (
			);
			dependencies = (
				219407837FBDBBC90D8FCB1C /* PBXTargetDependency */,
			);
			name = appTests;
			productName = appTests;
			productReference = 1F1BA83B08D7924817900C5B /* appTests.xctest */;
			productType = "com.apple.product-type.bundle.unit-test";
		};
/* End PBXNativeTarget section */

/* Begin PBXProject section */
		9AEC75754077BF83F50D201C /* Project object */ = {
			isa = PBXProject;
			attributes = {
				CLASSPREFIX = ca2;
				LastUpgradeCheck = 0940;
				ORGANIZATIONNAME = "Camilo Sasuke Tsumanuma";
			};
			buildConfigurationList = 686D96190BC93D6133F53A9A /* Build configuration list for PBXProject "app" */;
			compatibilityVersion = "Xcode 3.2";
			developmentRegion = English;
			hasScannedForEncodings = 0;
			knownRegions = (
				en,
			);
			mainGroup = 90312D9CFBE778E10C557583;
			productRefGroup = 924F7C3CC10D1AC621E96AD9 /* Products */;
			projectDirPath = "";
			projectReferences = (
				{
					ProductGroup = D43FD24D4EF248DDF26C2F6C /* Products */;
					ProjectRef = A267604F2623173AAB6FC08D /* core.xcodeproj */;
				},
			);
			projectRoot = "";
			targets = (
				1045CDCB0D03EF7D75E560E5 /* app */,
				FFD00D05001F4EFF2F0EFD27 /* appTests */,
			);
		};
/* End PBXProject section */

/* Begin PBXReferenceProxy section */
		B71729B7250078C857A5C74C /* libcore.dylib */ = {
			isa = PBXReferenceProxy;
			fileType = "compiled.mach-o.dylib";
			path = libcore.dylib;
			remoteRef = 73D7C259FC8C9C784A4E8891 /* PBXContainerItemProxy */;
			sourceTree = BUILT_PRODUCTS_DIR;
		};
		F6B3A532911A05B40795B565 /* libios_core.a */ = {
			isa = PBXReferenceProxy;
			fileType = archive.ar;
			path = libios_core.a;
			remoteRef = 6422C2821052090A59410DE7 /* PBXContainerItemProxy */;
			sourceTree = BUILT_PRODUCTS_DIR;
		};
		98D014EDCFFA942E64423ED6 /* core_iosTests.xctest */ = {
			isa = PBXReferenceProxy;
			fileType = wrapper.cfbundle;
			path = core_iosTests.xctest;
			remoteRef = 1624A09F999F0729BEC3EA6D /* PBXContainerItemProxy */;
			sourceTree = BUILT_PRODUCTS_DIR;
		};
/* End PBXReferenceProxy section */

/* Begin PBXResourcesBuildPhase section */
		89552511DB8535DECDCA67A7 /* Resources */ = {
			isa = PBXResourcesBuildPhase;
			buildActionMask = 2147483647;
			files = (
				944DA6DFDE73385D6570FC6B /* InfoPlist.strings in Resources */,
			);
			runOnlyForDeploymentPostprocessing = 0;
		};
/* End PBXResourcesBuildPhase section */

/* Begin PBXSourcesBuildPhase section */
		D25FA0F0B835400C768C5A7B /* Sources */ = {
			isa = PBXSourcesBuildPhase;
			buildActionMask = 2147483647;
			files = (
				2067401C2DC36209EAD839E6 /* main.cpp in Sources */,
			);
			runOnlyForDeploymentPostprocessing = 0;
		};
		9280E3531D813924F652020D /* Sources */ = {
			isa = PBXSourcesBuildPhase;
			buildActionMask = 2147483647;
			files = (
				0FF5C98D8235D7421EF59B2A /* appTests.m in Sources */,
				947FBFA808AAEAE4F8F5A6EA /* main.cpp in Sources */,
			);
			runOnlyForDeploymentPostprocessing = 0;
		};
/* End PBXSourcesBuildPhase section */

/* Begin PBXTargetDependency section */
		219407837FBDBBC90D8FCB1C /* PBXTargetDependency */ = {
			isa = PBXTargetDependency;
			target = 1045CDCB0D03EF7D75E560E5 /* app */;
			targetProxy = 1AAF9980B438C9859DFCC0CD /* PBXContainerItemProxy */;
		};
		058175E13A5FBA5B494B9CDD /* PBXTargetDependency */ = {
			isa = PBXTargetDependency;
			name = core_ios;
			targetProxy = 6D3E9DA685FEEABC1ED37456 /* PBXContainerItemProxy */;
		};
/* End PBXTargetDependency section */

/* Begin PBXVariantGroup section */
		52624CFEFC0EB636EB1B89D9 /* InfoPlist.strings */ = {
			isa = PBXVariantGroup;
			children = (
				779F7A8480A0382D48635F88 /* en */,
			);
			name = InfoPlist.strings;
			sourceTree = "<group>";
		};
/* End PBXVariantGroup section */

/* Begin XCBuildConfiguration section */
		1278475219691E4AF2043059 /* Debug */ = {
			isa = XCBuildConfiguration;
			buildSettings = {
				ALWAYS_SEARCH_USER_PATHS = YES;
				CLANG_ENABLE_OBJC_ARC = YES;
				EXECUTABLE_EXTENSION = a;
				GCC_C_LANGUAGE_STANDARD = gnu99;
				GCC_PRECOMPILE_PREFIX_HEADER = NO;
				GCC_PREPROCESSOR_DEFINITIONS = (
					"DEBUG=1",
					"$(inherited)",
				);
				MACH_O_TYPE = staticlib;
				PRODUCT_NAME = "$(TARGET_NAME)";
			};
			name = Debug;
		};
		9BFD0287BBC777876C3335F4 /* Release */ = {
			isa = XCBuildConfiguration;
			buildSettings = {
				ALWAYS_SEARCH_USER_PATHS = YES;
				CLANG_ENABLE_OBJC_ARC = YES;
				ENABLE_NS_ASSERTIONS = NO;
				EXECUTABLE_EXTENSION = a;
				GCC_C_LANGUAGE_STANDARD = gnu99;
				GCC_PRECOMPILE_PREFIX_HEADER = NO;
				MACH_O_TYPE = staticlib;
				PRODUCT_NAME = "$(TARGET_NAME)";
			};
			name = Release;
		};
		DC9CEF672EB11CD5623B58DD /* Debug */ = {
			isa = XCBuildConfiguration;
			buildSettings = {
				ALWAYS_SEARCH_USER_PATHS = NO;
				CLANG_CXX_LANGUAGE_STANDARD = "gnu++0x";
				CLANG_ENABLE_OBJC_ARC = YES;
				FRAMEWORK_SEARCH_PATHS = (
					"$(SDKROOT)/Developer/Library/Frameworks",
					"$(inherited)",
					"$(DEVELOPER_FRAMEWORKS_DIR)",
					"$(WorkspaceDir)/../operating_system/storage-$(PLATFORM_MODIFIER)/$(CONFIGURATION)/framework",
				);
				GCC_C_LANGUAGE_STANDARD = gnu99;
				GCC_PRECOMPILE_PREFIX_HEADER = YES;
				GCC_PREFIX_HEADER = "app/app-Prefix.pch";
				GCC_PREPROCESSOR_DEFINITIONS = (
					"DEBUG=1",
					"$(inherited)",
				);
				INFOPLIST_FILE = "appTests/appTests-Info.plist";
				IPHONEOS_DEPLOYMENT_TARGET = 8.0;
				PRODUCT_BUNDLE_IDENTIFIER = "ca2.${PRODUCT_NAME:rfc1034identifier}";
				PRODUCT_NAME = "$(TARGET_NAME)";
				WRAPPER_EXTENSION = xctest;
			};
			name = Debug;
		};
		75B8A2326ACC5154BAF39DE0 /* Release */ = {
			isa = XCBuildConfiguration;
			buildSettings = {
				ALWAYS_SEARCH_USER_PATHS = NO;
				CLANG_CXX_LANGUAGE_STANDARD = "gnu++0x";
				CLANG_ENABLE_OBJC_ARC = YES;
				ENABLE_NS_ASSERTIONS = NO;
				FRAMEWORK_SEARCH_PATHS = (
					"$(SDKROOT)/Developer/Library/Frameworks",
					"$(inherited)",
					"$(DEVELOPER_FRAMEWORKS_DIR)",
					"$(WorkspaceDir)/../operating_system/storage-$(PLATFORM_MODIFIER)/$(CONFIGURATION)/framework",
				);
				GCC_C_LANGUAGE_STANDARD = gnu99;
				GCC_PRECOMPILE_PREFIX_HEADER = YES;
				GCC_PREFIX_HEADER = "app/app-Prefix.pch";
				INFOPLIST_FILE = "appTests/appTests-Info.plist";
				IPHONEOS_DEPLOYMENT_TARGET = 8.0;
				PRODUCT_BUNDLE_IDENTIFIER = "ca2.${PRODUCT_NAME:rfc1034identifier}";
				PRODUCT_NAME = "$(TARGET_NAME)";
				WRAPPER_EXTENSION = xctest;
			};
			name = Release;
		};
		880128295A8597B3A7258D34 /* Debug */ = {
			isa = XCBuildConfiguration;
			buildSettings = {
				ALWAYS_SEARCH_USER_PATHS = YES;
				CLANG_ANALYZER_DEADCODE_DEADSTORES = NO;
				CLANG_ANALYZER_MEMORY_MANAGEMENT = YES;
				CLANG_CXX_LANGUAGE_STANDARD = "c++14";
				CLANG_CXX_LIBRARY = "libc++";
				CLANG_WARN_BLOCK_CAPTURE_AUTORELEASING = YES;
				CLANG_WARN_BOOL_CONVERSION = YES;
				CLANG_WARN_COMMA = YES;
				CLANG_WARN_CONSTANT_CONVERSION = YES;
				CLANG_WARN_DEPRECATED_OBJC_IMPLEMENTATIONS = YES;
				CLANG_WARN_DIRECT_OBJC_ISA_USAGE = YES_ERROR;
				CLANG_WARN_EMPTY_BODY = YES;
				CLANG_WARN_ENUM_CONVERSION = YES;
				CLANG_WARN_INFINITE_RECURSION = YES;
				CLANG_WARN_INT_CONVERSION = YES;
				CLANG_WARN_NON_LITERAL_NULL_CONVERSION = YES;
				CLANG_WARN_OBJC_IMPLICIT_RETAIN_SELF = YES;
				CLANG_WARN_OBJC_LITERAL_CONVERSION = YES;
				CLANG_WARN_OBJC_ROOT_CLASS = YES_ERROR;
				CLANG_WARN_RANGE_LOOP_ANALYSIS = YES;
				CLANG_WARN_STRICT_PROTOTYPES = YES;
				CLANG_WARN_SUSPICIOUS_MOVE = YES;
				CLANG_WARN_UNREACHABLE_CODE = YES;
				CLANG_WARN__DUPLICATE_METHOD_MATCH = YES;
				COPY_PHASE_STRIP = NO;
				DEPLOYMENT_POSTPROCESSING = YES;
				ENABLE_STRICT_OBJC_MSGSEND = YES;
				ENABLE_TESTABILITY = YES;
				GCC_C_LANGUAGE_STANDARD = c99;
				GCC_DYNAMIC_NO_PIC = NO;
				GCC_NO_COMMON_BLOCKS = YES;
				GCC_OPTIMIZATION_LEVEL = 0;
				GCC_PREPROCESSOR_DEFINITIONS = (
					"DEBUG=1",
					"$(inherited)",
				);
				GCC_SYMBOLS_PRIVATE_EXTERN = NO;
				GCC_WARN_64_TO_32_BIT_CONVERSION = YES;
				GCC_WARN_ABOUT_RETURN_TYPE = YES_ERROR;
				GCC_WARN_UNDECLARED_SELECTOR = YES;
				GCC_WARN_UNINITIALIZED_AUTOS = YES_AGGRESSIVE;
				GCC_WARN_UNUSED_FUNCTION = YES;
				GCC_WARN_UNUSED_VARIABLE = YES;
				HEADER_SEARCH_PATHS = (
					"$(WorkspaceDir)/../../app/thirdparty/include",
					" $(WorkspaceDir)/../../nodeapp/thirdparty/include",
				);
				INSTALL_PATH = "@executable_path";
				IPHONEOS_DEPLOYMENT_TARGET = 8.0;
				LD_RUNPATH_SEARCH_PATHS = "@executable_path @loader_path";
				LIBRARY_SEARCH_PATHS = (
					"$(inherited)",
					"\"$(TARGET_BUILD_DIR)\"",
				);
				MACH_O_TYPE = mh_dylib;
				ONLY_ACTIVE_ARCH = YES;
				PRODUCT_NAME = "$(PROJECT_NAME)";
				SDKROOT = iphoneos;
				SKIP_INSTALL = YES;
				STRIP_INSTALLED_PRODUCT = NO;
				SUPPORTED_PLATFORMS = "iphonesimulator iphoneos";
				TARGETED_DEVICE_FAMILY = "1,2";
				USER_HEADER_SEARCH_PATHS = " $(WorkspaceDir)/../../include  $(WorkspaceDir)/../../nodeapp/iPhoneSimulator10.1-x86_64.sdk/include $(WorkspaceDir)/../../app/include framework . ..  $(WorkspaceDir)/../..  $(WorkspaceDir)/../../app $(WorkspaceDir)/../../app $(WorkspaceDir)/../../app/core $(WorkspaceDir)/../../app/base $(WorkspaceDir)/../../app/axis $(WorkspaceDir)/../../app/aura $(WorkspaceDir)/../../app/axis $(WorkspaceDir)/../.. $(WorkspaceDir)/../../app/base/include $(WorkspaceDir)/../.. $(WorkspaceDir)/../../app/base";
				WorkspaceDir = "$(SRCROOT)/../../nodeapp/seed/metaseed";
			};
			name = Debug;
		};
		F5EDF26EBCB9660530FA6795 /* Release */ = {
			isa = XCBuildConfiguration;
			buildSettings = {
				ALWAYS_SEARCH_USER_PATHS = YES;
				CLANG_ANALYZER_DEADCODE_DEADSTORES = NO;
				CLANG_ANALYZER_MEMORY_MANAGEMENT = YES;
				CLANG_CXX_LANGUAGE_STANDARD = "c++14";
				CLANG_CXX_LIBRARY = "libc++";
				CLANG_WARN_BLOCK_CAPTURE_AUTORELEASING = YES;
				CLANG_WARN_BOOL_CONVERSION = YES;
				CLANG_WARN_COMMA = YES;
				CLANG_WARN_CONSTANT_CONVERSION = YES;
				CLANG_WARN_DEPRECATED_OBJC_IMPLEMENTATIONS = YES;
				CLANG_WARN_DIRECT_OBJC_ISA_USAGE = YES_ERROR;
				CLANG_WARN_EMPTY_BODY = YES;
				CLANG_WARN_ENUM_CONVERSION = YES;
				CLANG_WARN_INFINITE_RECURSION = YES;
				CLANG_WARN_INT_CONVERSION = YES;
				CLANG_WARN_NON_LITERAL_NULL_CONVERSION = YES;
				CLANG_WARN_OBJC_IMPLICIT_RETAIN_SELF = YES;
				CLANG_WARN_OBJC_LITERAL_CONVERSION = YES;
				CLANG_WARN_OBJC_ROOT_CLASS = YES_ERROR;
				CLANG_WARN_RANGE_LOOP_ANALYSIS = YES;
				CLANG_WARN_STRICT_PROTOTYPES = YES;
				CLANG_WARN_SUSPICIOUS_MOVE = YES;
				CLANG_WARN_UNREACHABLE_CODE = YES;
				CLANG_WARN__DUPLICATE_METHOD_MATCH = YES;
				COPY_PHASE_STRIP = YES;
				DEBUG_INFORMATION_FORMAT = "dwarf-with-dsym";
				DEPLOYMENT_POSTPROCESSING = YES;
				ENABLE_STRICT_OBJC_MSGSEND = YES;
				GCC_C_LANGUAGE_STANDARD = c99;
				GCC_NO_COMMON_BLOCKS = YES;
				GCC_WARN_64_TO_32_BIT_CONVERSION = YES;
				GCC_WARN_ABOUT_RETURN_TYPE = YES_ERROR;
				GCC_WARN_UNDECLARED_SELECTOR = YES;
				GCC_WARN_UNINITIALIZED_AUTOS = YES_AGGRESSIVE;
				GCC_WARN_UNUSED_FUNCTION = YES;
				GCC_WARN_UNUSED_VARIABLE = YES;
				HEADER_SEARCH_PATHS = (
					"$(WorkspaceDir)/../../app/thirdparty/include",
					" $(WorkspaceDir)/../../nodeapp/thirdparty/include",
				);
				INSTALL_PATH = "@executable_path";
				IPHONEOS_DEPLOYMENT_TARGET = 8.0;
				LD_RUNPATH_SEARCH_PATHS = "@executable_path @loader_path";
				LIBRARY_SEARCH_PATHS = (
					"$(inherited)",
					"\"$(TARGET_BUILD_DIR)\"",
				);
				MACH_O_TYPE = mh_dylib;
				PRODUCT_NAME = "$(PROJECT_NAME)";
				SDKROOT = iphoneos;
				SKIP_INSTALL = YES;
				SUPPORTED_PLATFORMS = "iphonesimulator iphoneos";
				TARGETED_DEVICE_FAMILY = "1,2";
				USER_HEADER_SEARCH_PATHS = " $(WorkspaceDir)/../../include  $(WorkspaceDir)/../../nodeapp/iPhoneSimulator10.1-x86_64.sdk/include $(WorkspaceDir)/../../app/include framework . ..  $(WorkspaceDir)/../..  $(WorkspaceDir)/../../app $(WorkspaceDir)/../../app $(WorkspaceDir)/../../app/core $(WorkspaceDir)/../../app/base $(WorkspaceDir)/../../app/axis $(WorkspaceDir)/../../app/aura $(WorkspaceDir)/../../app/axis $(WorkspaceDir)/../.. $(WorkspaceDir)/../../app/base/include $(WorkspaceDir)/../.. $(WorkspaceDir)/../../app/base";
				VALIDATE_PRODUCT = YES;
				WorkspaceDir = "$(SRCROOT)/../../nodeapp/seed/metaseed";
			};
			name = Release;
		};
/* End XCBuildConfiguration section */

/* Begin XCConfigurationList section */
		3E326D96D4001533ADBF763B /* Build configuration list for PBXNativeTarget "app" */ = {
			isa = XCConfigurationList;
			buildConfigurations = (
				1278475219691E4AF2043059 /* Debug */,
				9BFD0287BBC777876C3335F4 /* Release */,
			);
			defaultConfigurationIsVisible = 0;
			defaultConfigurationName = Release;
		};
		31566EF0D78D48A878CDA928 /* Build configuration list for PBXNativeTarget "appTests" */ = {
			isa = XCConfigurationList;
			buildConfigurations = (
				DC9CEF672EB11CD5623B58DD /* Debug */,
				75B8A2326ACC5154BAF39DE0 /* Release */,
			);
			defaultConfigurationIsVisible = 0;
			defaultConfigurationName = Release;
		};
		686D96190BC93D6133F53A9A /* Build configuration list for PBXProject "app" */ = {
			isa = XCConfigurationList;
			buildConfigurations = (
				880128295A8597B3A7258D34 /* Debug */,
				F5EDF26EBCB9660530FA6795 /* Release */,
			);
			defaultConfigurationIsVisible = 0;
			defaultConfigurationName = Release;
		};
/* End XCConfigurationList section */
	};
	rootObject = 9AEC75754077BF83F50D201C /* Project object */;
}
